
Microsoft Visual Studio Solution File, Format Version 12.00
# Visual Studio 2012
Project("{FAE04EC0-301F-11D3-BF4B-00C04F79EFBC}") = "uygulama 3", "uygulama 3\uygulama 3.csproj", "{FBCE3C60-1FEE-4A22-B4A1-2C83A89806CA}"
EndProject
Global
	GlobalSection(SolutionConfigurationPlatforms) = preSolution
		Debug|Any CPU = Debug|Any CPU
		Release|Any CPU = Release|Any CPU
	EndGlobalSection
	GlobalSection(ProjectConfigurationPlatforms) = postSolution
		{FBCE3C60-1FEE-4A22-B4A1-2C83A89806CA}.Debug|Any CPU.ActiveCfg = Debug|Any CPU
		{FBCE3C60-1FEE-4A22-B4A1-2C83A89806CA}.Debug|Any CPU.Build.0 = Debug|Any CPU
		{FBCE3C60-1FEE-4A22-B4A1-2C83A89806CA}.Release|Any CPU.ActiveCfg = Release|Any CPU
		{FBCE3C60-1FEE-4A22-B4A1-2C83A89806CA}.Release|Any CPU.Build.0 = Release|Any CPU
	EndGlobalSection
	GlobalSection(SolutionProperties) = preSolution
		HideSolutionNode = FALSE
	EndGlobalSection
EndGlobal
