
Microsoft Visual Studio Solution File, Format Version 12.00
# Visual Studio 2012
Project("{FAE04EC0-301F-11D3-BF4B-00C04F79EFBC}") = "Girilen(Sembol-Karakter-Numara)-6 hafta", "Girilen(Sembol-Karakter-Numara)-6 hafta\Girilen(Sembol-Karakter-Numara)-6 hafta.csproj", "{2FBC5A79-1474-4405-B08D-F986F2EE670A}"
EndProject
Global
	GlobalSection(SolutionConfigurationPlatforms) = preSolution
		Debug|Any CPU = Debug|Any CPU
		Release|Any CPU = Release|Any CPU
	EndGlobalSection
	GlobalSection(ProjectConfigurationPlatforms) = postSolution
		{2FBC5A79-1474-4405-B08D-F986F2EE670A}.Debug|Any CPU.ActiveCfg = Debug|Any CPU
		{2FBC5A79-1474-4405-B08D-F986F2EE670A}.Debug|Any CPU.Build.0 = Debug|Any CPU
		{2FBC5A79-1474-4405-B08D-F986F2EE670A}.Release|Any CPU.ActiveCfg = Release|Any CPU
		{2FBC5A79-1474-4405-B08D-F986F2EE670A}.Release|Any CPU.Build.0 = Release|Any CPU
	EndGlobalSection
	GlobalSection(SolutionProperties) = preSolution
		HideSolutionNode = FALSE
	EndGlobalSection
EndGlobal
