
Microsoft Visual Studio Solution File, Format Version 12.00
# Visual Studio 2012
Project("{FAE04EC0-301F-11D3-BF4B-00C04F79EFBC}") = "INDICATES(Tersten Alma) - 5 hafta", "INDICATES(Tersten Alma) - 5 hafta\INDICATES(Tersten Alma) - 5 hafta.csproj", "{BE974E63-123C-4B81-B3CC-4D46A7913DD3}"
EndProject
Global
	GlobalSection(SolutionConfigurationPlatforms) = preSolution
		Debug|Any CPU = Debug|Any CPU
		Release|Any CPU = Release|Any CPU
	EndGlobalSection
	GlobalSection(ProjectConfigurationPlatforms) = postSolution
		{BE974E63-123C-4B81-B3CC-4D46A7913DD3}.Debug|Any CPU.ActiveCfg = Debug|Any CPU
		{BE974E63-123C-4B81-B3CC-4D46A7913DD3}.Debug|Any CPU.Build.0 = Debug|Any CPU
		{BE974E63-123C-4B81-B3CC-4D46A7913DD3}.Release|Any CPU.ActiveCfg = Release|Any CPU
		{BE974E63-123C-4B81-B3CC-4D46A7913DD3}.Release|Any CPU.Build.0 = Release|Any CPU
	EndGlobalSection
	GlobalSection(SolutionProperties) = preSolution
		HideSolutionNode = FALSE
	EndGlobalSection
EndGlobal
